
Microsoft Visual Studio Solution File, Format Version 12.00
# Visual Studio Version 16
VisualStudioVersion = 16.0.31424.327
MinimumVisualStudioVersion = 10.0.40219.1
Project("{FAE04EC0-301F-11D3-BF4B-00C04F79EFBC}") = "Analise", "Analise\Analise.csproj", "{6FED4B89-0E92-462C-A9DB-932CBA7BA803}"
EndProject
Global
	GlobalSection(SolutionConfigurationPlatforms) = preSolution
		Debug|Any CPU = Debug|Any CPU
		Release|Any CPU = Release|Any CPU
	EndGlobalSection
	GlobalSection(ProjectConfigurationPlatforms) = postSolution
		{6FED4B89-0E92-462C-A9DB-932CBA7BA803}.Debug|Any CPU.ActiveCfg = Debug|Any CPU
		{6FED4B89-0E92-462C-A9DB-932CBA7BA803}.Debug|Any CPU.Build.0 = Debug|Any CPU
		{6FED4B89-0E92-462C-A9DB-932CBA7BA803}.Release|Any CPU.ActiveCfg = Release|Any CPU
		{6FED4B89-0E92-462C-A9DB-932CBA7BA803}.Release|Any CPU.Build.0 = Release|Any CPU
	EndGlobalSection
	GlobalSection(SolutionProperties) = preSolution
		HideSolutionNode = FALSE
	EndGlobalSection
	GlobalSection(ExtensibilityGlobals) = postSolution
		SolutionGuid = {ABC94A87-4319-4926-A7A4-6395F080CFE0}
	EndGlobalSection
EndGlobal
